// !$*UTF8*$!
{
	archiveVersion = 1;
	classes = {
	};
	objectVersion = 77;
	objects = {

/* Begin PBXBuildFile section */
		2C5514BE2EA81A86004D0103 /* PostHog in Frameworks */ = {isa = PBXBuildFile; productRef = 2C5514BD2EA81A86004D0103 /* PostHog */; };
		2C5514C12EA81BD3004D0103 /* Sentry in Frameworks */ = {isa = PBXBuildFile; productRef = 2C5514C02EA81BD3004D0103 /* Sentry */; };
		2C95B2C62EA1D5120080647A /* Auth in Frameworks */ = {isa = PBXBuildFile; productRef = 2C95B2C52EA1D5120080647A /* Auth */; };
		2C95B2C82EA1D5120080647A /* Functions in Frameworks */ = {isa = PBXBuildFile; productRef = 2C95B2C72EA1D5120080647A /* Functions */; };
		2C95B2CA2EA1D5120080647A /* PostgREST in Frameworks */ = {isa = PBXBuildFile; productRef = 2C95B2C92EA1D5120080647A /* PostgREST */; };
		2C95B2CC2EA1D5120080647A /* Realtime in Frameworks */ = {isa = PBXBuildFile; productRef = 2C95B2CB2EA1D5120080647A /* Realtime */; };
		2C95B2CE2EA1D5120080647A /* Storage in Frameworks */ = {isa = PBXBuildFile; productRef = 2C95B2CD2EA1D5120080647A /* Storage */; };
		2CB6A1C82EA1D77300D80376 /* Supabase in Frameworks */ = {isa = PBXBuildFile; productRef = 2CB6A1C72EA1D77300D80376 /* Supabase */; };
/* End PBXBuildFile section */

/* Begin PBXFileReference section */
		2C95B1E42E9F74FB0080647A /* MirrorMate.app */ = {isa = PBXFileReference; explicitFileType = wrapper.application; includeInIndex = 0; path = MirrorMate.app; sourceTree = BUILT_PRODUCTS_DIR; };
/* End PBXFileReference section */

/* Begin PBXFileSystemSynchronizedBuildFileExceptionSet section */
		2C95B1F42E9F77740080647A /* Exceptions for "MirrorMate" folder in "MirrorMate" target */ = {
			isa = PBXFileSystemSynchronizedBuildFileExceptionSet;
			membershipExceptions = (
				Info.plist,
			);
			target = 2C95B1E32E9F74FB0080647A /* MirrorMate */;
		};
/* End PBXFileSystemSynchronizedBuildFileExceptionSet section */

/* Begin PBXFileSystemSynchronizedRootGroup section */
		2C95B1E62E9F74FB0080647A /* MirrorMate */ = {
			isa = PBXFileSystemSynchronizedRootGroup;
			exceptions = (
				2C95B1F42E9F77740080647A /* Exceptions for "MirrorMate" folder in "MirrorMate" target */,
			);
			path = MirrorMate;
			sourceTree = "<group>";
		};
/* End PBXFileSystemSynchronizedRootGroup section */

/* Begin PBXFrameworksBuildPhase section */
		2C95B1E12E9F74FB0080647A /* Frameworks */ = {
			isa = PBXFrameworksBuildPhase;
			buildActionMask = 2147483647;
			files = (
				2C95B2CA2EA1D5120080647A /* PostgREST in Frameworks */,
				2C95B2C82EA1D5120080647A /* Functions in Frameworks */,
				2C5514BE2EA81A86004D0103 /* PostHog in Frameworks */,
				2C5514C12EA81BD3004D0103 /* Sentry in Frameworks */,
				2CB6A1C82EA1D77300D80376 /* Supabase in Frameworks */,
				2C95B2C62EA1D5120080647A /* Auth in Frameworks */,
				2C95B2CE2EA1D5120080647A /* Storage in Frameworks */,
				2C95B2CC2EA1D5120080647A /* Realtime in Frameworks */,
			);
			runOnlyForDeploymentPostprocessing = 0;
		};
/* End PBXFrameworksBuildPhase section */

/* Begin PBXGroup section */
		2C95B1DB2E9F74FB0080647A = {
			isa = PBXGroup;
			children = (
				2C95B1E62E9F74FB0080647A /* MirrorMate */,
				2CB6A1C62EA1D77300D80376 /* Frameworks */,
				2C95B1E52E9F74FB0080647A /* Products */,
			);
			sourceTree = "<group>";
		};
		2C95B1E52E9F74FB0080647A /* Products */ = {
			isa = PBXGroup;
			children = (
				2C95B1E42E9F74FB0080647A /* MirrorMate.app */,
			);
			name = Products;
			sourceTree = "<group>";
		};
		2CB6A1C62EA1D77300D80376 /* Frameworks */ = {
			isa = PBXGroup;
			children = (
			);
			name = Frameworks;
			sourceTree = "<group>";
		};
/* End PBXGroup section */

/* Begin PBXNativeTarget section */
		2C95B1E32E9F74FB0080647A /* MirrorMate */ = {
			isa = PBXNativeTarget;
			buildConfigurationList = 2C95B1F02E9F74FC0080647A /* Build configuration list for PBXNativeTarget "MirrorMate" */;
			buildPhases = (
				2C95B1E02E9F74FB0080647A /* Sources */,
				2C95B1E12E9F74FB0080647A /* Frameworks */,
				2C95B1E22E9F74FB0080647A /* Resources */,
			);
			buildRules = (
			);
			dependencies = (
			);
			fileSystemSynchronizedGroups = (
				2C95B1E62E9F74FB0080647A /* MirrorMate */,
			);
			name = MirrorMate;
			packageProductDependencies = (
				2C95B2C52EA1D5120080647A /* Auth */,
				2C95B2C72EA1D5120080647A /* Functions */,
				2C95B2C92EA1D5120080647A /* PostgREST */,
				2C95B2CB2EA1D5120080647A /* Realtime */,
				2C95B2CD2EA1D5120080647A /* Storage */,
				2CB6A1C72EA1D77300D80376 /* Supabase */,
				2C5514BD2EA81A86004D0103 /* PostHog */,
				2C5514C02EA81BD3004D0103 /* Sentry */,
			);
			productName = MirrorMate;
			productReference = 2C95B1E42E9F74FB0080647A /* MirrorMate.app */;
			productType = "com.apple.product-type.application";
		};
/* End PBXNativeTarget section */

/* Begin PBXProject section */
		2C95B1DC2E9F74FB0080647A /* Project object */ = {
			isa = PBXProject;
			attributes = {
				BuildIndependentTargetsInParallel = 1;
				LastSwiftUpdateCheck = 1640;
				LastUpgradeCheck = 1640;
				TargetAttributes = {
					2C95B1E32E9F74FB0080647A = {
						CreatedOnToolsVersion = 16.4;
					};
				};
			};
			buildConfigurationList = 2C95B1DF2E9F74FB0080647A /* Build configuration list for PBXProject "MirrorMate" */;
			developmentRegion = en;
			hasScannedForEncodings = 0;
			knownRegions = (
				en,
				Base,
			);
			mainGroup = 2C95B1DB2E9F74FB0080647A;
			minimizedProjectReferenceProxies = 1;
			packageReferences = (
				2C95B2C42EA1D5120080647A /* XCRemoteSwiftPackageReference "supabase-swift" */,
				2C5514BC2EA81A86004D0103 /* XCRemoteSwiftPackageReference "posthog-ios" */,
				2C5514BF2EA81BD3004D0103 /* XCRemoteSwiftPackageReference "sentry-cocoa" */,
			);
			preferredProjectObjectVersion = 77;
			productRefGroup = 2C95B1E52E9F74FB0080647A /* Products */;
			projectDirPath = "";
			projectRoot = "";
			targets = (
				2C95B1E32E9F74FB0080647A /* MirrorMate */,
			);
		};
/* End PBXProject section */

/* Begin PBXResourcesBuildPhase section */
		2C95B1E22E9F74FB0080647A /* Resources */ = {
			isa = PBXResourcesBuildPhase;
			buildActionMask = 2147483647;
			files = (
			);
			runOnlyForDeploymentPostprocessing = 0;
		};
/* End PBXResourcesBuildPhase section */

/* Begin PBXSourcesBuildPhase section */
		2C95B1E02E9F74FB0080647A /* Sources */ = {
			isa = PBXSourcesBuildPhase;
			buildActionMask = 2147483647;
			files = (
			);
			runOnlyForDeploymentPostprocessing = 0;
		};
/* End PBXSourcesBuildPhase section */

/* Begin XCBuildConfiguration section */
		2C95B1EE2E9F74FC0080647A /* Debug */ = {
			isa = XCBuildConfiguration;
			buildSettings = {
				ALWAYS_SEARCH_USER_PATHS = NO;
				ASSETCATALOG_COMPILER_GENERATE_SWIFT_ASSET_SYMBOL_EXTENSIONS = YES;
				CLANG_ANALYZER_NONNULL = YES;
				CLANG_ANALYZER_NUMBER_OBJECT_CONVERSION = YES_AGGRESSIVE;
				CLANG_CXX_LANGUAGE_STANDARD = "gnu++20";
				CLANG_ENABLE_MODULES = YES;
				CLANG_ENABLE_OBJC_ARC = YES;
				CLANG_ENABLE_OBJC_WEAK = YES;
				CLANG_WARN_BLOCK_CAPTURE_AUTORELEASING = YES;
				CLANG_WARN_BOOL_CONVERSION = YES;
				CLANG_WARN_COMMA = YES;
				CLANG_WARN_CONSTANT_CONVERSION = YES;
				CLANG_WARN_DEPRECATED_OBJC_IMPLEMENTATIONS = YES;
				CLANG_WARN_DIRECT_OBJC_ISA_USAGE = YES_ERROR;
				CLANG_WARN_DOCUMENTATION_COMMENTS = YES;
				CLANG_WARN_EMPTY_BODY = YES;
				CLANG_WARN_ENUM_CONVERSION = YES;
				CLANG_WARN_INFINITE_RECURSION = YES;
				CLANG_WARN_INT_CONVERSION = YES;
				CLANG_WARN_NON_LITERAL_NULL_CONVERSION = YES;
				CLANG_WARN_OBJC_IMPLICIT_RETAIN_SELF = YES;
				CLANG_WARN_OBJC_LITERAL_CONVERSION = YES;
				CLANG_WARN_OBJC_ROOT_CLASS = YES_ERROR;
				CLANG_WARN_QUOTED_INCLUDE_IN_FRAMEWORK_HEADER = YES;
				CLANG_WARN_RANGE_LOOP_ANALYSIS = YES;
				CLANG_WARN_STRICT_PROTOTYPES = YES;
				CLANG_WARN_SUSPICIOUS_MOVE = YES;
				CLANG_WARN_UNGUARDED_AVAILABILITY = YES_AGGRESSIVE;
				CLANG_WARN_UNREACHABLE_CODE = YES;
				CLANG_WARN__DUPLICATE_METHOD_MATCH = YES;
				COPY_PHASE_STRIP = NO;
				DEBUG_INFORMATION_FORMAT = dwarf;
				DEVELOPMENT_TEAM = RM6LZL6HBB;
				ENABLE_STRICT_OBJC_MSGSEND = YES;
				ENABLE_TESTABILITY = YES;
				ENABLE_USER_SCRIPT_SANDBOXING = YES;
				GCC_C_LANGUAGE_STANDARD = gnu17;
				GCC_DYNAMIC_NO_PIC = NO;
				GCC_NO_COMMON_BLOCKS = YES;
				GCC_OPTIMIZATION_LEVEL = 0;
				GCC_PREPROCESSOR_DEFINITIONS = (
					"DEBUG=1",
					"$(inherited)",
				);
				GCC_WARN_64_TO_32_BIT_CONVERSION = YES;
				GCC_WARN_ABOUT_RETURN_TYPE = YES_ERROR;
				GCC_WARN_UNDECLARED_SELECTOR = YES;
				GCC_WARN_UNINITIALIZED_AUTOS = YES_AGGRESSIVE;
				GCC_WARN_UNUSED_FUNCTION = YES;
				GCC_WARN_UNUSED_VARIABLE = YES;
				LOCALIZATION_PREFERS_STRING_CATALOGS = YES;
				MTL_ENABLE_DEBUG_INFO = INCLUDE_SOURCE;
				MTL_FAST_MATH = YES;
				ONLY_ACTIVE_ARCH = YES;
				SWIFT_ACTIVE_COMPILATION_CONDITIONS = "DEBUG $(inherited)";
				SWIFT_OPTIMIZATION_LEVEL = "-Onone";
			};
			name = Debug;
		};
		2C95B1EF2E9F74FC0080647A /* Release */ = {
			isa = XCBuildConfiguration;
			buildSettings = {
				ALWAYS_SEARCH_USER_PATHS = NO;
				ASSETCATALOG_COMPILER_GENERATE_SWIFT_ASSET_SYMBOL_EXTENSIONS = YES;
				CLANG_ANALYZER_NONNULL = YES;
				CLANG_ANALYZER_NUMBER_OBJECT_CONVERSION = YES_AGGRESSIVE;
				CLANG_CXX_LANGUAGE_STANDARD = "gnu++20";
				CLANG_ENABLE_MODULES = YES;
				CLANG_ENABLE_OBJC_ARC = YES;
				CLANG_ENABLE_OBJC_WEAK = YES;
				CLANG_WARN_BLOCK_CAPTURE_AUTORELEASING = YES;
				CLANG_WARN_BOOL_CONVERSION = YES;
				CLANG_WARN_COMMA = YES;
				CLANG_WARN_CONSTANT_CONVERSION = YES;
				CLANG_WARN_DEPRECATED_OBJC_IMPLEMENTATIONS = YES;
				CLANG_WARN_DIRECT_OBJC_ISA_USAGE = YES_ERROR;
				CLANG_WARN_DOCUMENTATION_COMMENTS = YES;
				CLANG_WARN_EMPTY_BODY = YES;
				CLANG_WARN_ENUM_CONVERSION = YES;
				CLANG_WARN_INFINITE_RECURSION = YES;
				CLANG_WARN_INT_CONVERSION = YES;
				CLANG_WARN_NON_LITERAL_NULL_CONVERSION = YES;
				CLANG_WARN_OBJC_IMPLICIT_RETAIN_SELF = YES;
				CLANG_WARN_OBJC_LITERAL_CONVERSION = YES;
				CLANG_WARN_OBJC_ROOT_CLASS = YES_ERROR;
				CLANG_WARN_QUOTED_INCLUDE_IN_FRAMEWORK_HEADER = YES;
				CLANG_WARN_RANGE_LOOP_ANALYSIS = YES;
				CLANG_WARN_STRICT_PROTOTYPES = YES;
				CLANG_WARN_SUSPICIOUS_MOVE = YES;
				CLANG_WARN_UNGUARDED_AVAILABILITY = YES_AGGRESSIVE;
				CLANG_WARN_UNREACHABLE_CODE = YES;
				CLANG_WARN__DUPLICATE_METHOD_MATCH = YES;
				COPY_PHASE_STRIP = NO;
				DEBUG_INFORMATION_FORMAT = "dwarf-with-dsym";
				DEVELOPMENT_TEAM = RM6LZL6HBB;
				ENABLE_NS_ASSERTIONS = NO;
				ENABLE_STRICT_OBJC_MSGSEND = YES;
				ENABLE_USER_SCRIPT_SANDBOXING = YES;
				GCC_C_LANGUAGE_STANDARD = gnu17;
				GCC_NO_COMMON_BLOCKS = YES;
				GCC_WARN_64_TO_32_BIT_CONVERSION = YES;
				GCC_WARN_ABOUT_RETURN_TYPE = YES_ERROR;
				GCC_WARN_UNDECLARED_SELECTOR = YES;
				GCC_WARN_UNINITIALIZED_AUTOS = YES_AGGRESSIVE;
				GCC_WARN_UNUSED_FUNCTION = YES;
				GCC_WARN_UNUSED_VARIABLE = YES;
				LOCALIZATION_PREFERS_STRING_CATALOGS = YES;
				MTL_ENABLE_DEBUG_INFO = NO;
				MTL_FAST_MATH = YES;
				SWIFT_COMPILATION_MODE = wholemodule;
			};
			name = Release;
		};
		2C95B1F12E9F74FC0080647A /* Debug */ = {
			isa = XCBuildConfiguration;
			buildSettings = {
				ASSETCATALOG_COMPILER_APPICON_NAME = AppIcon;
				ASSETCATALOG_COMPILER_GLOBAL_ACCENT_COLOR_NAME = AccentColor;
				CODE_SIGN_ENTITLEMENTS = MirrorMate/MirrorMate.entitlements;
				CODE_SIGN_STYLE = Automatic;
				CURRENT_PROJECT_VERSION = 1;
				DEVELOPMENT_TEAM = RM6LZL6HBB;
				ENABLE_HARDENED_RUNTIME = YES;
				ENABLE_PREVIEWS = YES;
				GENERATE_INFOPLIST_FILE = YES;
				INFOPLIST_FILE = MirrorMate/Info.plist;
				"INFOPLIST_KEY_UIApplicationSceneManifest_Generation[sdk=iphoneos*]" = YES;
				"INFOPLIST_KEY_UIApplicationSceneManifest_Generation[sdk=iphonesimulator*]" = YES;
				"INFOPLIST_KEY_UIApplicationSupportsIndirectInputEvents[sdk=iphoneos*]" = YES;
				"INFOPLIST_KEY_UIApplicationSupportsIndirectInputEvents[sdk=iphonesimulator*]" = YES;
				"INFOPLIST_KEY_UILaunchScreen_Generation[sdk=iphoneos*]" = YES;
				"INFOPLIST_KEY_UILaunchScreen_Generation[sdk=iphonesimulator*]" = YES;
				"INFOPLIST_KEY_UIStatusBarStyle[sdk=iphoneos*]" = UIStatusBarStyleDefault;
				"INFOPLIST_KEY_UIStatusBarStyle[sdk=iphonesimulator*]" = UIStatusBarStyleDefault;
				INFOPLIST_KEY_UISupportedInterfaceOrientations_iPad = "UIInterfaceOrientationPortrait UIInterfaceOrientationPortraitUpsideDown UIInterfaceOrientationLandscapeLeft UIInterfaceOrientationLandscapeRight";
				INFOPLIST_KEY_UISupportedInterfaceOrientations_iPhone = "UIInterfaceOrientationPortrait UIInterfaceOrientationLandscapeLeft UIInterfaceOrientationLandscapeRight";
				IPHONEOS_DEPLOYMENT_TARGET = 18.5;
				LD_RUNPATH_SEARCH_PATHS = "@executable_path/Frameworks";
				"LD_RUNPATH_SEARCH_PATHS[sdk=macosx*]" = "@executable_path/../Frameworks";
				MACOSX_DEPLOYMENT_TARGET = 15.5;
				MARKETING_VERSION = 1.0;
				PRODUCT_BUNDLE_IDENTIFIER = "Dark-Cobra.MirrorMate";
				PRODUCT_NAME = "$(TARGET_NAME)";
				REGISTER_APP_GROUPS = YES;
				SDKROOT = auto;
				SUPPORTED_PLATFORMS = "iphoneos iphonesimulator macosx xros xrsimulator";
				SWIFT_EMIT_LOC_STRINGS = YES;
				SWIFT_VERSION = 5.0;
				TARGETED_DEVICE_FAMILY = "1,2,7";
				XROS_DEPLOYMENT_TARGET = 2.5;
			};
			name = Debug;
		};
		2C95B1F22E9F74FC0080647A /* Release */ = {
			isa = XCBuildConfiguration;
			buildSettings = {
				ASSETCATALOG_COMPILER_APPICON_NAME = AppIcon;
				ASSETCATALOG_COMPILER_GLOBAL_ACCENT_COLOR_NAME = AccentColor;
				CODE_SIGN_ENTITLEMENTS = MirrorMate/MirrorMate.entitlements;
				CODE_SIGN_STYLE = Automatic;
				CURRENT_PROJECT_VERSION = 1;
				DEVELOPMENT_TEAM = RM6LZL6HBB;
				ENABLE_HARDENED_RUNTIME = YES;
				ENABLE_PREVIEWS = YES;
				GENERATE_INFOPLIST_FILE = YES;
				INFOPLIST_FILE = MirrorMate/Info.plist;
				"INFOPLIST_KEY_UIApplicationSceneManifest_Generation[sdk=iphoneos*]" = YES;
				"INFOPLIST_KEY_UIApplicationSceneManifest_Generation[sdk=iphonesimulator*]" = YES;
				"INFOPLIST_KEY_UIApplicationSupportsIndirectInputEvents[sdk=iphoneos*]" = YES;
				"INFOPLIST_KEY_UIApplicationSupportsIndirectInputEvents[sdk=iphonesimulator*]" = YES;
				"INFOPLIST_KEY_UILaunchScreen_Generation[sdk=iphoneos*]" = YES;
				"INFOPLIST_KEY_UILaunchScreen_Generation[sdk=iphonesimulator*]" = YES;
				"INFOPLIST_KEY_UIStatusBarStyle[sdk=iphoneos*]" = UIStatusBarStyleDefault;
				"INFOPLIST_KEY_UIStatusBarStyle[sdk=iphonesimulator*]" = UIStatusBarStyleDefault;
				INFOPLIST_KEY_UISupportedInterfaceOrientations_iPad = "UIInterfaceOrientationPortrait UIInterfaceOrientationPortraitUpsideDown UIInterfaceOrientationLandscapeLeft UIInterfaceOrientationLandscapeRight";
				INFOPLIST_KEY_UISupportedInterfaceOrientations_iPhone = "UIInterfaceOrientationPortrait UIInterfaceOrientationLandscapeLeft UIInterfaceOrientationLandscapeRight";
				IPHONEOS_DEPLOYMENT_TARGET = 18.5;
				LD_RUNPATH_SEARCH_PATHS = "@executable_path/Frameworks";
				"LD_RUNPATH_SEARCH_PATHS[sdk=macosx*]" = "@executable_path/../Frameworks";
				MACOSX_DEPLOYMENT_TARGET = 15.5;
				MARKETING_VERSION = 1.0;
				PRODUCT_BUNDLE_IDENTIFIER = "Dark-Cobra.MirrorMate";
				PRODUCT_NAME = "$(TARGET_NAME)";
				REGISTER_APP_GROUPS = YES;
				SDKROOT = auto;
				SUPPORTED_PLATFORMS = "iphoneos iphonesimulator macosx xros xrsimulator";
				SWIFT_EMIT_LOC_STRINGS = YES;
				SWIFT_VERSION = 5.0;
				TARGETED_DEVICE_FAMILY = "1,2,7";
				XROS_DEPLOYMENT_TARGET = 2.5;
			};
			name = Release;
		};
/* End XCBuildConfiguration section */

/* Begin XCConfigurationList section */
		2C95B1DF2E9F74FB0080647A /* Build configuration list for PBXProject "MirrorMate" */ = {
			isa = XCConfigurationList;
			buildConfigurations = (
				2C95B1EE2E9F74FC0080647A /* Debug */,
				2C95B1EF2E9F74FC0080647A /* Release */,
			);
			defaultConfigurationIsVisible = 0;
			defaultConfigurationName = Release;
		};
		2C95B1F02E9F74FC0080647A /* Build configuration list for PBXNativeTarget "MirrorMate" */ = {
			isa = XCConfigurationList;
			buildConfigurations = (
				2C95B1F12E9F74FC0080647A /* Debug */,
				2C95B1F22E9F74FC0080647A /* Release */,
			);
			defaultConfigurationIsVisible = 0;
			defaultConfigurationName = Release;
		};
/* End XCConfigurationList section */

/* Begin XCRemoteSwiftPackageReference section */
		2C5514BC2EA81A86004D0103 /* XCRemoteSwiftPackageReference "posthog-ios" */ = {
			isa = XCRemoteSwiftPackageReference;
			repositoryURL = "https://github.com/PostHog/posthog-ios.git";
			requirement = {
				kind = upToNextMajorVersion;
				minimumVersion = 3.34.0;
			};
		};
		2C5514BF2EA81BD3004D0103 /* XCRemoteSwiftPackageReference "sentry-cocoa" */ = {
			isa = XCRemoteSwiftPackageReference;
			repositoryURL = "https://github.com/getsentry/sentry-cocoa";
			requirement = {
				kind = upToNextMajorVersion;
				minimumVersion = 8.57.0;
			};
		};
		2C95B2C42EA1D5120080647A /* XCRemoteSwiftPackageReference "supabase-swift" */ = {
			isa = XCRemoteSwiftPackageReference;
			repositoryURL = "https://github.com/supabase/supabase-swift.git";
			requirement = {
				kind = upToNextMajorVersion;
				minimumVersion = 2.5.1;
			};
		};
/* End XCRemoteSwiftPackageReference section */

/* Begin XCSwiftPackageProductDependency section */
		2C5514BD2EA81A86004D0103 /* PostHog */ = {
			isa = XCSwiftPackageProductDependency;
			package = 2C5514BC2EA81A86004D0103 /* XCRemoteSwiftPackageReference "posthog-ios" */;
			productName = PostHog;
		};
		2C5514C02EA81BD3004D0103 /* Sentry */ = {
			isa = XCSwiftPackageProductDependency;
			package = 2C5514BF2EA81BD3004D0103 /* XCRemoteSwiftPackageReference "sentry-cocoa" */;
			productName = Sentry;
		};
		2C95B2C52EA1D5120080647A /* Auth */ = {
			isa = XCSwiftPackageProductDependency;
			package = 2C95B2C42EA1D5120080647A /* XCRemoteSwiftPackageReference "supabase-swift" */;
			productName = Auth;
		};
		2C95B2C72EA1D5120080647A /* Functions */ = {
			isa = XCSwiftPackageProductDependency;
			package = 2C95B2C42EA1D5120080647A /* XCRemoteSwiftPackageReference "supabase-swift" */;
			productName = Functions;
		};
		2C95B2C92EA1D5120080647A /* PostgREST */ = {
			isa = XCSwiftPackageProductDependency;
			package = 2C95B2C42EA1D5120080647A /* XCRemoteSwiftPackageReference "supabase-swift" */;
			productName = PostgREST;
		};
		2C95B2CB2EA1D5120080647A /* Realtime */ = {
			isa = XCSwiftPackageProductDependency;
			package = 2C95B2C42EA1D5120080647A /* XCRemoteSwiftPackageReference "supabase-swift" */;
			productName = Realtime;
		};
		2C95B2CD2EA1D5120080647A /* Storage */ = {
			isa = XCSwiftPackageProductDependency;
			package = 2C95B2C42EA1D5120080647A /* XCRemoteSwiftPackageReference "supabase-swift" */;
			productName = Storage;
		};
		2CB6A1C72EA1D77300D80376 /* Supabase */ = {
			isa = XCSwiftPackageProductDependency;
			package = 2C95B2C42EA1D5120080647A /* XCRemoteSwiftPackageReference "supabase-swift" */;
			productName = Supabase;
		};
/* End XCSwiftPackageProductDependency section */
	};
	rootObject = 2C95B1DC2E9F74FB0080647A /* Project object */;
}
